
Microsoft Visual Studio Solution File, Format Version 12.00
# Visual Studio Version 17
VisualStudioVersion = 17.4.33205.214
MinimumVisualStudioVersion = 10.0.40219.1
Project("{FAE04EC0-301F-11D3-BF4B-00C04F79EFBC}") = "eShopSolution.WebApp", "eShopSolution.WebApp\eShopSolution.WebApp.csproj", "{7C40307C-3603-4FDC-A642-03C09CFC6C03}"
EndProject
Project("{FAE04EC0-301F-11D3-BF4B-00C04F79EFBC}") = "eShopSolution.Data", "eShopSolution.Data\eShopSolution.Data.csproj", "{6BDBDBB2-772B-4FB8-91C0-9A1A7A38F9F0}"
EndProject
Project("{FAE04EC0-301F-11D3-BF4B-00C04F79EFBC}") = "eShopSolution.Application", "eShopSolution.Application\eShopSolution.Application.csproj", "{10132630-8E16-4485-BF09-77738EDC2329}"
EndProject
Project("{2150E333-8FDC-42A3-9474-1A3956D46DE8}") = "Solution Items", "Solution Items", "{A058C252-1858-403C-A5DA-A22BE41E8219}"
	ProjectSection(SolutionItems) = preProject
		README.md = README.md
	EndProjectSection
EndProject
Global
	GlobalSection(SolutionConfigurationPlatforms) = preSolution
		Debug|Any CPU = Debug|Any CPU
		Release|Any CPU = Release|Any CPU
	EndGlobalSection
	GlobalSection(ProjectConfigurationPlatforms) = postSolution
		{7C40307C-3603-4FDC-A642-03C09CFC6C03}.Debug|Any CPU.ActiveCfg = Debug|Any CPU
		{7C40307C-3603-4FDC-A642-03C09CFC6C03}.Debug|Any CPU.Build.0 = Debug|Any CPU
		{7C40307C-3603-4FDC-A642-03C09CFC6C03}.Release|Any CPU.ActiveCfg = Release|Any CPU
		{7C40307C-3603-4FDC-A642-03C09CFC6C03}.Release|Any CPU.Build.0 = Release|Any CPU
		{6BDBDBB2-772B-4FB8-91C0-9A1A7A38F9F0}.Debug|Any CPU.ActiveCfg = Debug|Any CPU
		{6BDBDBB2-772B-4FB8-91C0-9A1A7A38F9F0}.Debug|Any CPU.Build.0 = Debug|Any CPU
		{6BDBDBB2-772B-4FB8-91C0-9A1A7A38F9F0}.Release|Any CPU.ActiveCfg = Release|Any CPU
		{6BDBDBB2-772B-4FB8-91C0-9A1A7A38F9F0}.Release|Any CPU.Build.0 = Release|Any CPU
		{10132630-8E16-4485-BF09-77738EDC2329}.Debug|Any CPU.ActiveCfg = Debug|Any CPU
		{10132630-8E16-4485-BF09-77738EDC2329}.Debug|Any CPU.Build.0 = Debug|Any CPU
		{10132630-8E16-4485-BF09-77738EDC2329}.Release|Any CPU.ActiveCfg = Release|Any CPU
		{10132630-8E16-4485-BF09-77738EDC2329}.Release|Any CPU.Build.0 = Release|Any CPU
	EndGlobalSection
	GlobalSection(SolutionProperties) = preSolution
		HideSolutionNode = FALSE
	EndGlobalSection
	GlobalSection(ExtensibilityGlobals) = postSolution
		SolutionGuid = {28D4B817-24C8-4B75-B5F5-DF24C2E251BE}
	EndGlobalSection
EndGlobal
